// !$*UTF8*$!
{
	archiveVersion = 1;
	classes = {
	};
	objectVersion = 56;
	objects = {

/* Begin PBXBuildFile section */
		01E7EDA92A6922CE002EC4BF /* AppDelegate.swift in Sources */ = {isa = PBXBuildFile; fileRef = 01E7EDA82A6922CE002EC4BF /* AppDelegate.swift */; };
		01E7EDAB2A6922CE002EC4BF /* SceneDelegate.swift in Sources */ = {isa = PBXBuildFile; fileRef = 01E7EDAA2A6922CE002EC4BF /* SceneDelegate.swift */; };
		01E7EDAD2A6922CE002EC4BF /* LoginVC.swift in Sources */ = {isa = PBXBuildFile; fileRef = 01E7EDAC2A6922CE002EC4BF /* LoginVC.swift */; };
		01E7EDB02A6922CE002EC4BF /* Main.storyboard in Resources */ = {isa = PBXBuildFile; fileRef = 01E7EDAE2A6922CE002EC4BF /* Main.storyboard */; };
		01E7EDB22A6922D0002EC4BF /* Assets.xcassets in Resources */ = {isa = PBXBuildFile; fileRef = 01E7EDB12A6922D0002EC4BF /* Assets.xcassets */; };
		01E7EDB52A6922D0002EC4BF /* LaunchScreen.storyboard in Resources */ = {isa = PBXBuildFile; fileRef = 01E7EDB32A6922D0002EC4BF /* LaunchScreen.storyboard */; };
		01E7EDC02A6922D0002EC4BF /* UITableViewCell_Dynamic01Tests.swift in Sources */ = {isa = PBXBuildFile; fileRef = 01E7EDBF2A6922D0002EC4BF /* UITableViewCell_Dynamic01Tests.swift */; };
		01E7EDCA2A6922D0002EC4BF /* UITableViewCell_Dynamic01UITests.swift in Sources */ = {isa = PBXBuildFile; fileRef = 01E7EDC92A6922D0002EC4BF /* UITableViewCell_Dynamic01UITests.swift */; };
		01E7EDCC2A6922D0002EC4BF /* UITableViewCell_Dynamic01UITestsLaunchTests.swift in Sources */ = {isa = PBXBuildFile; fileRef = 01E7EDCB2A6922D0002EC4BF /* UITableViewCell_Dynamic01UITestsLaunchTests.swift */; };
		01E7EDD92A6923A5002EC4BF /* RequestStore.swift in Sources */ = {isa = PBXBuildFile; fileRef = 01E7EDD82A6923A5002EC4BF /* RequestStore.swift */; };
		01E7EDDB2A6923C3002EC4BF /* Post.swift in Sources */ = {isa = PBXBuildFile; fileRef = 01E7EDDA2A6923C3002EC4BF /* Post.swift */; };
		01E7EDDD2A692459002EC4BF /* Utilities.swift in Sources */ = {isa = PBXBuildFile; fileRef = 01E7EDDC2A692459002EC4BF /* Utilities.swift */; };
		01E7EDDF2A692673002EC4BF /* RinconVC.swift in Sources */ = {isa = PBXBuildFile; fileRef = 01E7EDDE2A692673002EC4BF /* RinconVC.swift */; };
		01E7EDE12A69325F002EC4BF /* PostCell.swift in Sources */ = {isa = PBXBuildFile; fileRef = 01E7EDE02A69325F002EC4BF /* PostCell.swift */; };
		01E7EDE42A693772002EC4BF /* LikeView.swift in Sources */ = {isa = PBXBuildFile; fileRef = 01E7EDE32A693772002EC4BF /* LikeView.swift */; };
		01E7EDE62A693787002EC4BF /* CommentView.swift in Sources */ = {isa = PBXBuildFile; fileRef = 01E7EDE52A693787002EC4BF /* CommentView.swift */; };
/* End PBXBuildFile section */

/* Begin PBXContainerItemProxy section */
		01E7EDBC2A6922D0002EC4BF /* PBXContainerItemProxy */ = {
			isa = PBXContainerItemProxy;
			containerPortal = 01E7ED9D2A6922CE002EC4BF /* Project object */;
			proxyType = 1;
			remoteGlobalIDString = 01E7EDA42A6922CE002EC4BF;
			remoteInfo = "UITableViewCell-Dynamic01";
		};
		01E7EDC62A6922D0002EC4BF /* PBXContainerItemProxy */ = {
			isa = PBXContainerItemProxy;
			containerPortal = 01E7ED9D2A6922CE002EC4BF /* Project object */;
			proxyType = 1;
			remoteGlobalIDString = 01E7EDA42A6922CE002EC4BF;
			remoteInfo = "UITableViewCell-Dynamic01";
		};
/* End PBXContainerItemProxy section */

/* Begin PBXFileReference section */
		01E7EDA52A6922CE002EC4BF /* UITableViewCell-Dynamic01.app */ = {isa = PBXFileReference; explicitFileType = wrapper.application; includeInIndex = 0; path = "UITableViewCell-Dynamic01.app"; sourceTree = BUILT_PRODUCTS_DIR; };
		01E7EDA82A6922CE002EC4BF /* AppDelegate.swift */ = {isa = PBXFileReference; lastKnownFileType = sourcecode.swift; path = AppDelegate.swift; sourceTree = "<group>"; };
		01E7EDAA2A6922CE002EC4BF /* SceneDelegate.swift */ = {isa = PBXFileReference; lastKnownFileType = sourcecode.swift; path = SceneDelegate.swift; sourceTree = "<group>"; };
		01E7EDAC2A6922CE002EC4BF /* LoginVC.swift */ = {isa = PBXFileReference; lastKnownFileType = sourcecode.swift; path = LoginVC.swift; sourceTree = "<group>"; };
		01E7EDAF2A6922CE002EC4BF /* Base */ = {isa = PBXFileReference; lastKnownFileType = file.storyboard; name = Base; path = Base.lproj/Main.storyboard; sourceTree = "<group>"; };
		01E7EDB12A6922D0002EC4BF /* Assets.xcassets */ = {isa = PBXFileReference; lastKnownFileType = folder.assetcatalog; path = Assets.xcassets; sourceTree = "<group>"; };
		01E7EDB42A6922D0002EC4BF /* Base */ = {isa = PBXFileReference; lastKnownFileType = file.storyboard; name = Base; path = Base.lproj/LaunchScreen.storyboard; sourceTree = "<group>"; };
		01E7EDB62A6922D0002EC4BF /* Info.plist */ = {isa = PBXFileReference; lastKnownFileType = text.plist.xml; path = Info.plist; sourceTree = "<group>"; };
		01E7EDBB2A6922D0002EC4BF /* UITableViewCell-Dynamic01Tests.xctest */ = {isa = PBXFileReference; explicitFileType = wrapper.cfbundle; includeInIndex = 0; path = "UITableViewCell-Dynamic01Tests.xctest"; sourceTree = BUILT_PRODUCTS_DIR; };
		01E7EDBF2A6922D0002EC4BF /* UITableViewCell_Dynamic01Tests.swift */ = {isa = PBXFileReference; lastKnownFileType = sourcecode.swift; path = UITableViewCell_Dynamic01Tests.swift; sourceTree = "<group>"; };
		01E7EDC52A6922D0002EC4BF /* UITableViewCell-Dynamic01UITests.xctest */ = {isa = PBXFileReference; explicitFileType = wrapper.cfbundle; includeInIndex = 0; path = "UITableViewCell-Dynamic01UITests.xctest"; sourceTree = BUILT_PRODUCTS_DIR; };
		01E7EDC92A6922D0002EC4BF /* UITableViewCell_Dynamic01UITests.swift */ = {isa = PBXFileReference; lastKnownFileType = sourcecode.swift; path = UITableViewCell_Dynamic01UITests.swift; sourceTree = "<group>"; };
		01E7EDCB2A6922D0002EC4BF /* UITableViewCell_Dynamic01UITestsLaunchTests.swift */ = {isa = PBXFileReference; lastKnownFileType = sourcecode.swift; path = UITableViewCell_Dynamic01UITestsLaunchTests.swift; sourceTree = "<group>"; };
		01E7EDD82A6923A5002EC4BF /* RequestStore.swift */ = {isa = PBXFileReference; lastKnownFileType = sourcecode.swift; path = RequestStore.swift; sourceTree = "<group>"; };
		01E7EDDA2A6923C3002EC4BF /* Post.swift */ = {isa = PBXFileReference; lastKnownFileType = sourcecode.swift; path = Post.swift; sourceTree = "<group>"; };
		01E7EDDC2A692459002EC4BF /* Utilities.swift */ = {isa = PBXFileReference; lastKnownFileType = sourcecode.swift; path = Utilities.swift; sourceTree = "<group>"; };
		01E7EDDE2A692673002EC4BF /* RinconVC.swift */ = {isa = PBXFileReference; lastKnownFileType = sourcecode.swift; path = RinconVC.swift; sourceTree = "<group>"; };
		01E7EDE02A69325F002EC4BF /* PostCell.swift */ = {isa = PBXFileReference; lastKnownFileType = sourcecode.swift; path = PostCell.swift; sourceTree = "<group>"; };
		01E7EDE32A693772002EC4BF /* LikeView.swift */ = {isa = PBXFileReference; lastKnownFileType = sourcecode.swift; path = LikeView.swift; sourceTree = "<group>"; };
		01E7EDE52A693787002EC4BF /* CommentView.swift */ = {isa = PBXFileReference; lastKnownFileType = sourcecode.swift; path = CommentView.swift; sourceTree = "<group>"; };
/* End PBXFileReference section */

/* Begin PBXFrameworksBuildPhase section */
		01E7EDA22A6922CE002EC4BF /* Frameworks */ = {
			isa = PBXFrameworksBuildPhase;
			buildActionMask = 2147483647;
			files = (
			);
			runOnlyForDeploymentPostprocessing = 0;
		};
		01E7EDB82A6922D0002EC4BF /* Frameworks */ = {
			isa = PBXFrameworksBuildPhase;
			buildActionMask = 2147483647;
			files = (
			);
			runOnlyForDeploymentPostprocessing = 0;
		};
		01E7EDC22A6922D0002EC4BF /* Frameworks */ = {
			isa = PBXFrameworksBuildPhase;
			buildActionMask = 2147483647;
			files = (
			);
			runOnlyForDeploymentPostprocessing = 0;
		};
/* End PBXFrameworksBuildPhase section */

/* Begin PBXGroup section */
		01E7ED9C2A6922CE002EC4BF = {
			isa = PBXGroup;
			children = (
				01E7EDA72A6922CE002EC4BF /* UITableViewCell-Dynamic01 */,
				01E7EDBE2A6922D0002EC4BF /* UITableViewCell-Dynamic01Tests */,
				01E7EDC82A6922D0002EC4BF /* UITableViewCell-Dynamic01UITests */,
				01E7EDA62A6922CE002EC4BF /* Products */,
			);
			sourceTree = "<group>";
		};
		01E7EDA62A6922CE002EC4BF /* Products */ = {
			isa = PBXGroup;
			children = (
				01E7EDA52A6922CE002EC4BF /* UITableViewCell-Dynamic01.app */,
				01E7EDBB2A6922D0002EC4BF /* UITableViewCell-Dynamic01Tests.xctest */,
				01E7EDC52A6922D0002EC4BF /* UITableViewCell-Dynamic01UITests.xctest */,
			);
			name = Products;
			sourceTree = "<group>";
		};
		01E7EDA72A6922CE002EC4BF /* UITableViewCell-Dynamic01 */ = {
			isa = PBXGroup;
			children = (
				01E7EDA82A6922CE002EC4BF /* AppDelegate.swift */,
				01E7EDAA2A6922CE002EC4BF /* SceneDelegate.swift */,
				01E7EDE22A69375E002EC4BF /* Views */,
				01E7EDD82A6923A5002EC4BF /* RequestStore.swift */,
				01E7EDDC2A692459002EC4BF /* Utilities.swift */,
				01E7EDDA2A6923C3002EC4BF /* Post.swift */,
				01E7EDAE2A6922CE002EC4BF /* Main.storyboard */,
				01E7EDB12A6922D0002EC4BF /* Assets.xcassets */,
				01E7EDB32A6922D0002EC4BF /* LaunchScreen.storyboard */,
				01E7EDB62A6922D0002EC4BF /* Info.plist */,
			);
			path = "UITableViewCell-Dynamic01";
			sourceTree = "<group>";
		};
		01E7EDBE2A6922D0002EC4BF /* UITableViewCell-Dynamic01Tests */ = {
			isa = PBXGroup;
			children = (
				01E7EDBF2A6922D0002EC4BF /* UITableViewCell_Dynamic01Tests.swift */,
			);
			path = "UITableViewCell-Dynamic01Tests";
			sourceTree = "<group>";
		};
		01E7EDC82A6922D0002EC4BF /* UITableViewCell-Dynamic01UITests */ = {
			isa = PBXGroup;
			children = (
				01E7EDC92A6922D0002EC4BF /* UITableViewCell_Dynamic01UITests.swift */,
				01E7EDCB2A6922D0002EC4BF /* UITableViewCell_Dynamic01UITestsLaunchTests.swift */,
			);
			path = "UITableViewCell-Dynamic01UITests";
			sourceTree = "<group>";
		};
		01E7EDE22A69375E002EC4BF /* Views */ = {
			isa = PBXGroup;
			children = (
				01E7EDAC2A6922CE002EC4BF /* LoginVC.swift */,
				01E7EDDE2A692673002EC4BF /* RinconVC.swift */,
				01E7EDE02A69325F002EC4BF /* PostCell.swift */,
				01E7EDE32A693772002EC4BF /* LikeView.swift */,
				01E7EDE52A693787002EC4BF /* CommentView.swift */,
			);
			path = Views;
			sourceTree = "<group>";
		};
/* End PBXGroup section */

/* Begin PBXNativeTarget section */
		01E7EDA42A6922CE002EC4BF /* UITableViewCell-Dynamic01 */ = {
			isa = PBXNativeTarget;
			buildConfigurationList = 01E7EDCF2A6922D0002EC4BF /* Build configuration list for PBXNativeTarget "UITableViewCell-Dynamic01" */;
			buildPhases = (
				01E7EDA12A6922CE002EC4BF /* Sources */,
				01E7EDA22A6922CE002EC4BF /* Frameworks */,
				01E7EDA32A6922CE002EC4BF /* Resources */,
			);
			buildRules = (
			);
			dependencies = (
			);
			name = "UITableViewCell-Dynamic01";
			productName = "UITableViewCell-Dynamic01";
			productReference = 01E7EDA52A6922CE002EC4BF /* UITableViewCell-Dynamic01.app */;
			productType = "com.apple.product-type.application";
		};
		01E7EDBA2A6922D0002EC4BF /* UITableViewCell-Dynamic01Tests */ = {
			isa = PBXNativeTarget;
			buildConfigurationList = 01E7EDD22A6922D0002EC4BF /* Build configuration list for PBXNativeTarget "UITableViewCell-Dynamic01Tests" */;
			buildPhases = (
				01E7EDB72A6922D0002EC4BF /* Sources */,
				01E7EDB82A6922D0002EC4BF /* Frameworks */,
				01E7EDB92A6922D0002EC4BF /* Resources */,
			);
			buildRules = (
			);
			dependencies = (
				01E7EDBD2A6922D0002EC4BF /* PBXTargetDependency */,
			);
			name = "UITableViewCell-Dynamic01Tests";
			productName = "UITableViewCell-Dynamic01Tests";
			productReference = 01E7EDBB2A6922D0002EC4BF /* UITableViewCell-Dynamic01Tests.xctest */;
			productType = "com.apple.product-type.bundle.unit-test";
		};
		01E7EDC42A6922D0002EC4BF /* UITableViewCell-Dynamic01UITests */ = {
			isa = PBXNativeTarget;
			buildConfigurationList = 01E7EDD52A6922D0002EC4BF /* Build configuration list for PBXNativeTarget "UITableViewCell-Dynamic01UITests" */;
			buildPhases = (
				01E7EDC12A6922D0002EC4BF /* Sources */,
				01E7EDC22A6922D0002EC4BF /* Frameworks */,
				01E7EDC32A6922D0002EC4BF /* Resources */,
			);
			buildRules = (
			);
			dependencies = (
				01E7EDC72A6922D0002EC4BF /* PBXTargetDependency */,
			);
			name = "UITableViewCell-Dynamic01UITests";
			productName = "UITableViewCell-Dynamic01UITests";
			productReference = 01E7EDC52A6922D0002EC4BF /* UITableViewCell-Dynamic01UITests.xctest */;
			productType = "com.apple.product-type.bundle.ui-testing";
		};
/* End PBXNativeTarget section */

/* Begin PBXProject section */
		01E7ED9D2A6922CE002EC4BF /* Project object */ = {
			isa = PBXProject;
			attributes = {
				BuildIndependentTargetsInParallel = 1;
				LastSwiftUpdateCheck = 1430;
				LastUpgradeCheck = 1430;
				TargetAttributes = {
					01E7EDA42A6922CE002EC4BF = {
						CreatedOnToolsVersion = 14.3.1;
					};
					01E7EDBA2A6922D0002EC4BF = {
						CreatedOnToolsVersion = 14.3.1;
						TestTargetID = 01E7EDA42A6922CE002EC4BF;
					};
					01E7EDC42A6922D0002EC4BF = {
						CreatedOnToolsVersion = 14.3.1;
						TestTargetID = 01E7EDA42A6922CE002EC4BF;
					};
				};
			};
			buildConfigurationList = 01E7EDA02A6922CE002EC4BF /* Build configuration list for PBXProject "UITableViewCell-Dynamic01" */;
			compatibilityVersion = "Xcode 14.0";
			developmentRegion = en;
			hasScannedForEncodings = 0;
			knownRegions = (
				en,
				Base,
			);
			mainGroup = 01E7ED9C2A6922CE002EC4BF;
			productRefGroup = 01E7EDA62A6922CE002EC4BF /* Products */;
			projectDirPath = "";
			projectRoot = "";
			targets = (
				01E7EDA42A6922CE002EC4BF /* UITableViewCell-Dynamic01 */,
				01E7EDBA2A6922D0002EC4BF /* UITableViewCell-Dynamic01Tests */,
				01E7EDC42A6922D0002EC4BF /* UITableViewCell-Dynamic01UITests */,
			);
		};
/* End PBXProject section */

/* Begin PBXResourcesBuildPhase section */
		01E7EDA32A6922CE002EC4BF /* Resources */ = {
			isa = PBXResourcesBuildPhase;
			buildActionMask = 2147483647;
			files = (
				01E7EDB52A6922D0002EC4BF /* LaunchScreen.storyboard in Resources */,
				01E7EDB22A6922D0002EC4BF /* Assets.xcassets in Resources */,
				01E7EDB02A6922CE002EC4BF /* Main.storyboard in Resources */,
			);
			runOnlyForDeploymentPostprocessing = 0;
		};
		01E7EDB92A6922D0002EC4BF /* Resources */ = {
			isa = PBXResourcesBuildPhase;
			buildActionMask = 2147483647;
			files = (
			);
			runOnlyForDeploymentPostprocessing = 0;
		};
		01E7EDC32A6922D0002EC4BF /* Resources */ = {
			isa = PBXResourcesBuildPhase;
			buildActionMask = 2147483647;
			files = (
			);
			runOnlyForDeploymentPostprocessing = 0;
		};
/* End PBXResourcesBuildPhase section */

/* Begin PBXSourcesBuildPhase section */
		01E7EDA12A6922CE002EC4BF /* Sources */ = {
			isa = PBXSourcesBuildPhase;
			buildActionMask = 2147483647;
			files = (
				01E7EDE42A693772002EC4BF /* LikeView.swift in Sources */,
				01E7EDDD2A692459002EC4BF /* Utilities.swift in Sources */,
				01E7EDAD2A6922CE002EC4BF /* LoginVC.swift in Sources */,
				01E7EDA92A6922CE002EC4BF /* AppDelegate.swift in Sources */,
				01E7EDAB2A6922CE002EC4BF /* SceneDelegate.swift in Sources */,
				01E7EDDF2A692673002EC4BF /* RinconVC.swift in Sources */,
				01E7EDD92A6923A5002EC4BF /* RequestStore.swift in Sources */,
				01E7EDDB2A6923C3002EC4BF /* Post.swift in Sources */,
				01E7EDE62A693787002EC4BF /* CommentView.swift in Sources */,
				01E7EDE12A69325F002EC4BF /* PostCell.swift in Sources */,
			);
			runOnlyForDeploymentPostprocessing = 0;
		};
		01E7EDB72A6922D0002EC4BF /* Sources */ = {
			isa = PBXSourcesBuildPhase;
			buildActionMask = 2147483647;
			files = (
				01E7EDC02A6922D0002EC4BF /* UITableViewCell_Dynamic01Tests.swift in Sources */,
			);
			runOnlyForDeploymentPostprocessing = 0;
		};
		01E7EDC12A6922D0002EC4BF /* Sources */ = {
			isa = PBXSourcesBuildPhase;
			buildActionMask = 2147483647;
			files = (
				01E7EDCA2A6922D0002EC4BF /* UITableViewCell_Dynamic01UITests.swift in Sources */,
				01E7EDCC2A6922D0002EC4BF /* UITableViewCell_Dynamic01UITestsLaunchTests.swift in Sources */,
			);
			runOnlyForDeploymentPostprocessing = 0;
		};
/* End PBXSourcesBuildPhase section */

/* Begin PBXTargetDependency section */
		01E7EDBD2A6922D0002EC4BF /* PBXTargetDependency */ = {
			isa = PBXTargetDependency;
			target = 01E7EDA42A6922CE002EC4BF /* UITableViewCell-Dynamic01 */;
			targetProxy = 01E7EDBC2A6922D0002EC4BF /* PBXContainerItemProxy */;
		};
		01E7EDC72A6922D0002EC4BF /* PBXTargetDependency */ = {
			isa = PBXTargetDependency;
			target = 01E7EDA42A6922CE002EC4BF /* UITableViewCell-Dynamic01 */;
			targetProxy = 01E7EDC62A6922D0002EC4BF /* PBXContainerItemProxy */;
		};
/* End PBXTargetDependency section */

/* Begin PBXVariantGroup section */
		01E7EDAE2A6922CE002EC4BF /* Main.storyboard */ = {
			isa = PBXVariantGroup;
			children = (
				01E7EDAF2A6922CE002EC4BF /* Base */,
			);
			name = Main.storyboard;
			sourceTree = "<group>";
		};
		01E7EDB32A6922D0002EC4BF /* LaunchScreen.storyboard */ = {
			isa = PBXVariantGroup;
			children = (
				01E7EDB42A6922D0002EC4BF /* Base */,
			);
			name = LaunchScreen.storyboard;
			sourceTree = "<group>";
		};
/* End PBXVariantGroup section */

/* Begin XCBuildConfiguration section */
		01E7EDCD2A6922D0002EC4BF /* Debug */ = {
			isa = XCBuildConfiguration;
			buildSettings = {
				ALWAYS_SEARCH_USER_PATHS = NO;
				CLANG_ANALYZER_NONNULL = YES;
				CLANG_ANALYZER_NUMBER_OBJECT_CONVERSION = YES_AGGRESSIVE;
				CLANG_CXX_LANGUAGE_STANDARD = "gnu++20";
				CLANG_ENABLE_MODULES = YES;
				CLANG_ENABLE_OBJC_ARC = YES;
				CLANG_ENABLE_OBJC_WEAK = YES;
				CLANG_WARN_BLOCK_CAPTURE_AUTORELEASING = YES;
				CLANG_WARN_BOOL_CONVERSION = YES;
				CLANG_WARN_COMMA = YES;
				CLANG_WARN_CONSTANT_CONVERSION = YES;
				CLANG_WARN_DEPRECATED_OBJC_IMPLEMENTATIONS = YES;
				CLANG_WARN_DIRECT_OBJC_ISA_USAGE = YES_ERROR;
				CLANG_WARN_DOCUMENTATION_COMMENTS = YES;
				CLANG_WARN_EMPTY_BODY = YES;
				CLANG_WARN_ENUM_CONVERSION = YES;
				CLANG_WARN_INFINITE_RECURSION = YES;
				CLANG_WARN_INT_CONVERSION = YES;
				CLANG_WARN_NON_LITERAL_NULL_CONVERSION = YES;
				CLANG_WARN_OBJC_IMPLICIT_RETAIN_SELF = YES;
				CLANG_WARN_OBJC_LITERAL_CONVERSION = YES;
				CLANG_WARN_OBJC_ROOT_CLASS = YES_ERROR;
				CLANG_WARN_QUOTED_INCLUDE_IN_FRAMEWORK_HEADER = YES;
				CLANG_WARN_RANGE_LOOP_ANALYSIS = YES;
				CLANG_WARN_STRICT_PROTOTYPES = YES;
				CLANG_WARN_SUSPICIOUS_MOVE = YES;
				CLANG_WARN_UNGUARDED_AVAILABILITY = YES_AGGRESSIVE;
				CLANG_WARN_UNREACHABLE_CODE = YES;
				CLANG_WARN__DUPLICATE_METHOD_MATCH = YES;
				COPY_PHASE_STRIP = NO;
				DEBUG_INFORMATION_FORMAT = dwarf;
				ENABLE_STRICT_OBJC_MSGSEND = YES;
				ENABLE_TESTABILITY = YES;
				GCC_C_LANGUAGE_STANDARD = gnu11;
				GCC_DYNAMIC_NO_PIC = NO;
				GCC_NO_COMMON_BLOCKS = YES;
				GCC_OPTIMIZATION_LEVEL = 0;
				GCC_PREPROCESSOR_DEFINITIONS = (
					"DEBUG=1",
					"$(inherited)",
				);
				GCC_WARN_64_TO_32_BIT_CONVERSION = YES;
				GCC_WARN_ABOUT_RETURN_TYPE = YES_ERROR;
				GCC_WARN_UNDECLARED_SELECTOR = YES;
				GCC_WARN_UNINITIALIZED_AUTOS = YES_AGGRESSIVE;
				GCC_WARN_UNUSED_FUNCTION = YES;
				GCC_WARN_UNUSED_VARIABLE = YES;
				IPHONEOS_DEPLOYMENT_TARGET = 16.4;
				MTL_ENABLE_DEBUG_INFO = INCLUDE_SOURCE;
				MTL_FAST_MATH = YES;
				ONLY_ACTIVE_ARCH = YES;
				SDKROOT = iphoneos;
				SWIFT_ACTIVE_COMPILATION_CONDITIONS = DEBUG;
				SWIFT_OPTIMIZATION_LEVEL = "-Onone";
			};
			name = Debug;
		};
		01E7EDCE2A6922D0002EC4BF /* Release */ = {
			isa = XCBuildConfiguration;
			buildSettings = {
				ALWAYS_SEARCH_USER_PATHS = NO;
				CLANG_ANALYZER_NONNULL = YES;
				CLANG_ANALYZER_NUMBER_OBJECT_CONVERSION = YES_AGGRESSIVE;
				CLANG_CXX_LANGUAGE_STANDARD = "gnu++20";
				CLANG_ENABLE_MODULES = YES;
				CLANG_ENABLE_OBJC_ARC = YES;
				CLANG_ENABLE_OBJC_WEAK = YES;
				CLANG_WARN_BLOCK_CAPTURE_AUTORELEASING = YES;
				CLANG_WARN_BOOL_CONVERSION = YES;
				CLANG_WARN_COMMA = YES;
				CLANG_WARN_CONSTANT_CONVERSION = YES;
				CLANG_WARN_DEPRECATED_OBJC_IMPLEMENTATIONS = YES;
				CLANG_WARN_DIRECT_OBJC_ISA_USAGE = YES_ERROR;
				CLANG_WARN_DOCUMENTATION_COMMENTS = YES;
				CLANG_WARN_EMPTY_BODY = YES;
				CLANG_WARN_ENUM_CONVERSION = YES;
				CLANG_WARN_INFINITE_RECURSION = YES;
				CLANG_WARN_INT_CONVERSION = YES;
				CLANG_WARN_NON_LITERAL_NULL_CONVERSION = YES;
				CLANG_WARN_OBJC_IMPLICIT_RETAIN_SELF = YES;
				CLANG_WARN_OBJC_LITERAL_CONVERSION = YES;
				CLANG_WARN_OBJC_ROOT_CLASS = YES_ERROR;
				CLANG_WARN_QUOTED_INCLUDE_IN_FRAMEWORK_HEADER = YES;
				CLANG_WARN_RANGE_LOOP_ANALYSIS = YES;
				CLANG_WARN_STRICT_PROTOTYPES = YES;
				CLANG_WARN_SUSPICIOUS_MOVE = YES;
				CLANG_WARN_UNGUARDED_AVAILABILITY = YES_AGGRESSIVE;
				CLANG_WARN_UNREACHABLE_CODE = YES;
				CLANG_WARN__DUPLICATE_METHOD_MATCH = YES;
				COPY_PHASE_STRIP = NO;
				DEBUG_INFORMATION_FORMAT = "dwarf-with-dsym";
				ENABLE_NS_ASSERTIONS = NO;
				ENABLE_STRICT_OBJC_MSGSEND = YES;
				GCC_C_LANGUAGE_STANDARD = gnu11;
				GCC_NO_COMMON_BLOCKS = YES;
				GCC_WARN_64_TO_32_BIT_CONVERSION = YES;
				GCC_WARN_ABOUT_RETURN_TYPE = YES_ERROR;
				GCC_WARN_UNDECLARED_SELECTOR = YES;
				GCC_WARN_UNINITIALIZED_AUTOS = YES_AGGRESSIVE;
				GCC_WARN_UNUSED_FUNCTION = YES;
				GCC_WARN_UNUSED_VARIABLE = YES;
				IPHONEOS_DEPLOYMENT_TARGET = 16.4;
				MTL_ENABLE_DEBUG_INFO = NO;
				MTL_FAST_MATH = YES;
				SDKROOT = iphoneos;
				SWIFT_COMPILATION_MODE = wholemodule;
				SWIFT_OPTIMIZATION_LEVEL = "-O";
				VALIDATE_PRODUCT = YES;
			};
			name = Release;
		};
		01E7EDD02A6922D0002EC4BF /* Debug */ = {
			isa = XCBuildConfiguration;
			buildSettings = {
				ASSETCATALOG_COMPILER_APPICON_NAME = AppIcon;
				ASSETCATALOG_COMPILER_GLOBAL_ACCENT_COLOR_NAME = AccentColor;
				CODE_SIGN_STYLE = Automatic;
				CURRENT_PROJECT_VERSION = 1;
				DEVELOPMENT_TEAM = GL5QL25H5M;
				GENERATE_INFOPLIST_FILE = YES;
				INFOPLIST_FILE = "UITableViewCell-Dynamic01/Info.plist";
				INFOPLIST_KEY_UIApplicationSupportsIndirectInputEvents = YES;
				INFOPLIST_KEY_UILaunchStoryboardName = LaunchScreen;
				INFOPLIST_KEY_UIMainStoryboardFile = Main;
				INFOPLIST_KEY_UISupportedInterfaceOrientations_iPad = "UIInterfaceOrientationPortrait UIInterfaceOrientationPortraitUpsideDown UIInterfaceOrientationLandscapeLeft UIInterfaceOrientationLandscapeRight";
				INFOPLIST_KEY_UISupportedInterfaceOrientations_iPhone = "UIInterfaceOrientationPortrait UIInterfaceOrientationLandscapeLeft UIInterfaceOrientationLandscapeRight";
				LD_RUNPATH_SEARCH_PATHS = (
					"$(inherited)",
					"@executable_path/Frameworks",
				);
				MARKETING_VERSION = 1.0;
				PRODUCT_BUNDLE_IDENTIFIER = "com.iamnick.info.UITableViewCell-Dynamic01";
				PRODUCT_NAME = "$(TARGET_NAME)";
				SWIFT_EMIT_LOC_STRINGS = YES;
				SWIFT_VERSION = 5.0;
				TARGETED_DEVICE_FAMILY = "1,2";
			};
			name = Debug;
		};
		01E7EDD12A6922D0002EC4BF /* Release */ = {
			isa = XCBuildConfiguration;
			buildSettings = {
				ASSETCATALOG_COMPILER_APPICON_NAME = AppIcon;
				ASSETCATALOG_COMPILER_GLOBAL_ACCENT_COLOR_NAME = AccentColor;
				CODE_SIGN_STYLE = Automatic;
				CURRENT_PROJECT_VERSION = 1;
				DEVELOPMENT_TEAM = GL5QL25H5M;
				GENERATE_INFOPLIST_FILE = YES;
				INFOPLIST_FILE = "UITableViewCell-Dynamic01/Info.plist";
				INFOPLIST_KEY_UIApplicationSupportsIndirectInputEvents = YES;
				INFOPLIST_KEY_UILaunchStoryboardName = LaunchScreen;
				INFOPLIST_KEY_UIMainStoryboardFile = Main;
				INFOPLIST_KEY_UISupportedInterfaceOrientations_iPad = "UIInterfaceOrientationPortrait UIInterfaceOrientationPortraitUpsideDown UIInterfaceOrientationLandscapeLeft UIInterfaceOrientationLandscapeRight";
				INFOPLIST_KEY_UISupportedInterfaceOrientations_iPhone = "UIInterfaceOrientationPortrait UIInterfaceOrientationLandscapeLeft UIInterfaceOrientationLandscapeRight";
				LD_RUNPATH_SEARCH_PATHS = (
					"$(inherited)",
					"@executable_path/Frameworks",
				);
				MARKETING_VERSION = 1.0;
				PRODUCT_BUNDLE_IDENTIFIER = "com.iamnick.info.UITableViewCell-Dynamic01";
				PRODUCT_NAME = "$(TARGET_NAME)";
				SWIFT_EMIT_LOC_STRINGS = YES;
				SWIFT_VERSION = 5.0;
				TARGETED_DEVICE_FAMILY = "1,2";
			};
			name = Release;
		};
		01E7EDD32A6922D0002EC4BF /* Debug */ = {
			isa = XCBuildConfiguration;
			buildSettings = {
				ALWAYS_EMBED_SWIFT_STANDARD_LIBRARIES = YES;
				BUNDLE_LOADER = "$(TEST_HOST)";
				CODE_SIGN_STYLE = Automatic;
				CURRENT_PROJECT_VERSION = 1;
				DEVELOPMENT_TEAM = GL5QL25H5M;
				GENERATE_INFOPLIST_FILE = YES;
				IPHONEOS_DEPLOYMENT_TARGET = 16.4;
				MARKETING_VERSION = 1.0;
				PRODUCT_BUNDLE_IDENTIFIER = "com.iamnick.info.UITableViewCell-Dynamic01Tests";
				PRODUCT_NAME = "$(TARGET_NAME)";
				SWIFT_EMIT_LOC_STRINGS = NO;
				SWIFT_VERSION = 5.0;
				TARGETED_DEVICE_FAMILY = "1,2";
				TEST_HOST = "$(BUILT_PRODUCTS_DIR)/UITableViewCell-Dynamic01.app/$(BUNDLE_EXECUTABLE_FOLDER_PATH)/UITableViewCell-Dynamic01";
			};
			name = Debug;
		};
		01E7EDD42A6922D0002EC4BF /* Release */ = {
			isa = XCBuildConfiguration;
			buildSettings = {
				ALWAYS_EMBED_SWIFT_STANDARD_LIBRARIES = YES;
				BUNDLE_LOADER = "$(TEST_HOST)";
				CODE_SIGN_STYLE = Automatic;
				CURRENT_PROJECT_VERSION = 1;
				DEVELOPMENT_TEAM = GL5QL25H5M;
				GENERATE_INFOPLIST_FILE = YES;
				IPHONEOS_DEPLOYMENT_TARGET = 16.4;
				MARKETING_VERSION = 1.0;
				PRODUCT_BUNDLE_IDENTIFIER = "com.iamnick.info.UITableViewCell-Dynamic01Tests";
				PRODUCT_NAME = "$(TARGET_NAME)";
				SWIFT_EMIT_LOC_STRINGS = NO;
				SWIFT_VERSION = 5.0;
				TARGETED_DEVICE_FAMILY = "1,2";
				TEST_HOST = "$(BUILT_PRODUCTS_DIR)/UITableViewCell-Dynamic01.app/$(BUNDLE_EXECUTABLE_FOLDER_PATH)/UITableViewCell-Dynamic01";
			};
			name = Release;
		};
		01E7EDD62A6922D0002EC4BF /* Debug */ = {
			isa = XCBuildConfiguration;
			buildSettings = {
				ALWAYS_EMBED_SWIFT_STANDARD_LIBRARIES = YES;
				CODE_SIGN_STYLE = Automatic;
				CURRENT_PROJECT_VERSION = 1;
				DEVELOPMENT_TEAM = GL5QL25H5M;
				GENERATE_INFOPLIST_FILE = YES;
				MARKETING_VERSION = 1.0;
				PRODUCT_BUNDLE_IDENTIFIER = "com.iamnick.info.UITableViewCell-Dynamic01UITests";
				PRODUCT_NAME = "$(TARGET_NAME)";
				SWIFT_EMIT_LOC_STRINGS = NO;
				SWIFT_VERSION = 5.0;
				TARGETED_DEVICE_FAMILY = "1,2";
				TEST_TARGET_NAME = "UITableViewCell-Dynamic01";
			};
			name = Debug;
		};
		01E7EDD72A6922D0002EC4BF /* Release */ = {
			isa = XCBuildConfiguration;
			buildSettings = {
				ALWAYS_EMBED_SWIFT_STANDARD_LIBRARIES = YES;
				CODE_SIGN_STYLE = Automatic;
				CURRENT_PROJECT_VERSION = 1;
				DEVELOPMENT_TEAM = GL5QL25H5M;
				GENERATE_INFOPLIST_FILE = YES;
				MARKETING_VERSION = 1.0;
				PRODUCT_BUNDLE_IDENTIFIER = "com.iamnick.info.UITableViewCell-Dynamic01UITests";
				PRODUCT_NAME = "$(TARGET_NAME)";
				SWIFT_EMIT_LOC_STRINGS = NO;
				SWIFT_VERSION = 5.0;
				TARGETED_DEVICE_FAMILY = "1,2";
				TEST_TARGET_NAME = "UITableViewCell-Dynamic01";
			};
			name = Release;
		};
/* End XCBuildConfiguration section */

/* Begin XCConfigurationList section */
		01E7EDA02A6922CE002EC4BF /* Build configuration list for PBXProject "UITableViewCell-Dynamic01" */ = {
			isa = XCConfigurationList;
			buildConfigurations = (
				01E7EDCD2A6922D0002EC4BF /* Debug */,
				01E7EDCE2A6922D0002EC4BF /* Release */,
			);
			defaultConfigurationIsVisible = 0;
			defaultConfigurationName = Release;
		};
		01E7EDCF2A6922D0002EC4BF /* Build configuration list for PBXNativeTarget "UITableViewCell-Dynamic01" */ = {
			isa = XCConfigurationList;
			buildConfigurations = (
				01E7EDD02A6922D0002EC4BF /* Debug */,
				01E7EDD12A6922D0002EC4BF /* Release */,
			);
			defaultConfigurationIsVisible = 0;
			defaultConfigurationName = Release;
		};
		01E7EDD22A6922D0002EC4BF /* Build configuration list for PBXNativeTarget "UITableViewCell-Dynamic01Tests" */ = {
			isa = XCConfigurationList;
			buildConfigurations = (
				01E7EDD32A6922D0002EC4BF /* Debug */,
				01E7EDD42A6922D0002EC4BF /* Release */,
			);
			defaultConfigurationIsVisible = 0;
			defaultConfigurationName = Release;
		};
		01E7EDD52A6922D0002EC4BF /* Build configuration list for PBXNativeTarget "UITableViewCell-Dynamic01UITests" */ = {
			isa = XCConfigurationList;
			buildConfigurations = (
				01E7EDD62A6922D0002EC4BF /* Debug */,
				01E7EDD72A6922D0002EC4BF /* Release */,
			);
			defaultConfigurationIsVisible = 0;
			defaultConfigurationName = Release;
		};
/* End XCConfigurationList section */
	};
	rootObject = 01E7ED9D2A6922CE002EC4BF /* Project object */;
}
